Microsoft Visual Studio Solution File, Format Version 12.00
# Visual Studio 14
VisualStudioVersion = 14.0.25420.1
MinimumVisualStudioVersion = 10.0.40219.1
Project("{FAE04EC0-301F-11D3-BF4B-00C04F79EFBC}") = "NeuralNetwork", "NeuralNetwork\NeuralNetwork.csproj", "{F83A9F88-4DF4-43DA-9F78-45C5E4900932}"
EndProject
Project("{FAE04EC0-301F-11D3-BF4B-00C04F79EFBC}") = "NeuralNetwork.Tests", "NeuralNetwork.Tests\NeuralNetwork.Tests.csproj", "{B2DA0F69-6E1F-4E16-82ED-4195F0E0E13F}"
EndProject
Project("{FAE04EC0-301F-11D3-BF4B-00C04F79EFBC}") = "NeuralNetwork.Demo", "NeuralNetwork.Demo\NeuralNetwork.Demo.csproj", "{87A75734-C221-44E9-A706-0D110F9B26B4}"
EndProject
Project("{FAE04EC0-301F-11D3-BF4B-00C04F79EFBC}") = "NeuralNetwork.Training", "NeuralNetwork.Training\NeuralNetwork.Training.csproj", "{9BC56678-1C29-407F-BA04-5EDB1AEF2E15}"
EndProject
Project("{FAE04EC0-301F-11D3-BF4B-00C04F79EFBC}") = "NeuralNetwork.ArticleExamples", "NeuralNetwork.ArticleExamples\NeuralNetwork.ArticleExamples.csproj", "{437C57FE-0F8E-4611-A3CB-08CE9418D7D5}"
EndProject
Project("{FAE04EC0-301F-11D3-BF4B-00C04F79EFBC}") = "NeuralNetwork.DecisionTree", "NeuralNetwork.DecisionTree\NeuralNetwork.DecisionTree.csproj", "{4763FCBF-E36A-44F6-BB41-5F97B3696516}"
EndProject
Project("{FAE04EC0-301F-11D3-BF4B-00C04F79EFBC}") = "NeuralNetwork.DecisionTree.Demo", "NeuralNetwork.DecisionTree.Demo\NeuralNetwork.DecisionTree.Demo.csproj", "{BCA9524B-B0BB-4F29-8623-6F1F12E33B6E}"
EndProject
Project("{FAE04EC0-301F-11D3-BF4B-00C04F79EFBC}") = "NeuralNetwork.ImageRecognition", "NeuralNetwork.ImageRecognition\NeuralNetwork.ImageRecognition.csproj", "{47F18AEC-69D2-454A-A0FF-FBCDAAD8E8B5}"
EndProject
Project("{FAE04EC0-301F-11D3-BF4B-00C04F79EFBC}") = "NeuralNetwork.ImageRecognition.Demo", "NeuralNetwork.ImageRecognition.Demo\NeuralNetwork.ImageRecognition.Demo.csproj", "{D5FA738E-DE53-455E-B739-13D49FC74F82}"
EndProject
Project("{FAE04EC0-301F-11D3-BF4B-00C04F79EFBC}") = "NeuralNetwork.ImageRecognition.CodeProject", "NeuralNetwork.ImageRecognition.CodeProject\NeuralNetwork.ImageRecognition.CodeProject.csproj", "{85E91C38-4A1B-4ACB-A327-B4F6EA4E7AD3}"
EndProject
Global
	GlobalSection(SolutionConfigurationPlatforms) = preSolution
		Debug|Any CPU = Debug|Any CPU
		Release|Any CPU = Release|Any CPU
	EndGlobalSection
	GlobalSection(ProjectConfigurationPlatforms) = postSolution
		{F83A9F88-4DF4-43DA-9F78-45C5E4900932}.Debug|Any CPU.ActiveCfg = Debug|Any CPU
		{F83A9F88-4DF4-43DA-9F78-45C5E4900932}.Debug|Any CPU.Build.0 = Debug|Any CPU
		{F83A9F88-4DF4-43DA-9F78-45C5E4900932}.Release|Any CPU.ActiveCfg = Release|Any CPU
		{F83A9F88-4DF4-43DA-9F78-45C5E4900932}.Release|Any CPU.Build.0 = Release|Any CPU
		{B2DA0F69-6E1F-4E16-82ED-4195F0E0E13F}.Debug|Any CPU.ActiveCfg = Debug|Any CPU
		{B2DA0F69-6E1F-4E16-82ED-4195F0E0E13F}.Debug|Any CPU.Build.0 = Debug|Any CPU
		{B2DA0F69-6E1F-4E16-82ED-4195F0E0E13F}.Release|Any CPU.ActiveCfg = Release|Any CPU
		{B2DA0F69-6E1F-4E16-82ED-4195F0E0E13F}.Release|Any CPU.Build.0 = Release|Any CPU
		{87A75734-C221-44E9-A706-0D110F9B26B4}.Debug|Any CPU.ActiveCfg = Debug|Any CPU
		{87A75734-C221-44E9-A706-0D110F9B26B4}.Debug|Any CPU.Build.0 = Debug|Any CPU
		{87A75734-C221-44E9-A706-0D110F9B26B4}.Release|Any CPU.ActiveCfg = Release|Any CPU
		{87A75734-C221-44E9-A706-0D110F9B26B4}.Release|Any CPU.Build.0 = Release|Any CPU
		{9BC56678-1C29-407F-BA04-5EDB1AEF2E15}.Debug|Any CPU.ActiveCfg = Debug|Any CPU
		{9BC56678-1C29-407F-BA04-5EDB1AEF2E15}.Debug|Any CPU.Build.0 = Debug|Any CPU
		{9BC56678-1C29-407F-BA04-5EDB1AEF2E15}.Release|Any CPU.ActiveCfg = Release|Any CPU
		{9BC56678-1C29-407F-BA04-5EDB1AEF2E15}.Release|Any CPU.Build.0 = Release|Any CPU
		{437C57FE-0F8E-4611-A3CB-08CE9418D7D5}.Debug|Any CPU.ActiveCfg = Debug|Any CPU
		{437C57FE-0F8E-4611-A3CB-08CE9418D7D5}.Debug|Any CPU.Build.0 = Debug|Any CPU
		{437C57FE-0F8E-4611-A3CB-08CE9418D7D5}.Release|Any CPU.ActiveCfg = Release|Any CPU
		{437C57FE-0F8E-4611-A3CB-08CE9418D7D5}.Release|Any CPU.Build.0 = Release|Any CPU
		{4763FCBF-E36A-44F6-BB41-5F97B3696516}.Debug|Any CPU.ActiveCfg = Debug|Any CPU
		{4763FCBF-E36A-44F6-BB41-5F97B3696516}.Debug|Any CPU.Build.0 = Debug|Any CPU
		{4763FCBF-E36A-44F6-BB41-5F97B3696516}.Release|Any CPU.ActiveCfg = Release|Any CPU
		{4763FCBF-E36A-44F6-BB41-5F97B3696516}.Release|Any CPU.Build.0 = Release|Any CPU
		{BCA9524B-B0BB-4F29-8623-6F1F12E33B6E}.Debug|Any CPU.ActiveCfg = Debug|Any CPU
		{BCA9524B-B0BB-4F29-8623-6F1F12E33B6E}.Debug|Any CPU.Build.0 = Debug|Any CPU
		{BCA9524B-B0BB-4F29-8623-6F1F12E33B6E}.Release|Any CPU.ActiveCfg = Release|Any CPU
		{BCA9524B-B0BB-4F29-8623-6F1F12E33B6E}.Release|Any CPU.Build.0 = Release|Any CPU
		{47F18AEC-69D2-454A-A0FF-FBCDAAD8E8B5}.Debug|Any CPU.ActiveCfg = Debug|Any CPU
		{47F18AEC-69D2-454A-A0FF-FBCDAAD8E8B5}.Debug|Any CPU.Build.0 = Debug|Any CPU
		{47F18AEC-69D2-454A-A0FF-FBCDAAD8E8B5}.Release|Any CPU.ActiveCfg = Release|Any CPU
		{47F18AEC-69D2-454A-A0FF-FBCDAAD8E8B5}.Release|Any CPU.Build.0 = Release|Any CPU
		{D5FA738E-DE53-455E-B739-13D49FC74F82}.Debug|Any CPU.ActiveCfg = Debug|Any CPU
		{D5FA738E-DE53-455E-B739-13D49FC74F82}.Debug|Any CPU.Build.0 = Debug|Any CPU
		{D5FA738E-DE53-455E-B739-13D49FC74F82}.Release|Any CPU.ActiveCfg = Release|Any CPU
		{D5FA738E-DE53-455E-B739-13D49FC74F82}.Release|Any CPU.Build.0 = Release|Any CPU
		{85E91C38-4A1B-4ACB-A327-B4F6EA4E7AD3}.Debug|Any CPU.ActiveCfg = Debug|Any CPU
		{85E91C38-4A1B-4ACB-A327-B4F6EA4E7AD3}.Debug|Any CPU.Build.0 = Debug|Any CPU
		{85E91C38-4A1B-4ACB-A327-B4F6EA4E7AD3}.Release|Any CPU.ActiveCfg = Release|Any CPU
		{85E91C38-4A1B-4ACB-A327-B4F6EA4E7AD3}.Release|Any CPU.Build.0 = Release|Any CPU
	EndGlobalSection
	GlobalSection(SolutionProperties) = preSolution
		HideSolutionNode = FALSE
	EndGlobalSection
EndGlobal
